# This file is automatically @generated by Cargo.
# It is not intended for manual editing.
version = 4

[[package]]
name = "evolve"
version = "0.0.0"
dependencies = [
 "kernel",
]

[[package]]
name = "ext"
version = "0.0.0"
dependencies = [
 "kernel",
]

[[package]]
name = "host"
version = "0.0.0"
dependencies = [
 "kernel",
]

[[package]]
name = "kernel"
version = "0.0.0"

[[package]]
name = "orchestrator"
version = "0.0.0"
dependencies = [
 "kernel",
]

[[package]]
name = "profiles"
version = "0.0.0"
dependencies = [
 "kernel",
]

[[package]]
name = "provenance"
version = "0.0.0"
dependencies = [
 "kernel",
]

[[package]]
name = "providers"
version = "0.0.0"
dependencies = [
 "kernel",
]

[[package]]
name = "sandbox"
version = "0.0.0"
dependencies = [
 "kernel",
]
